
Microsoft Visual Studio Solution File, Format Version 12.00
# Visual Studio Version 17
VisualStudioVersion = 17.6.33801.468
MinimumVisualStudioVersion = 10.0.40219.1
Project("{FAE04EC0-301F-11D3-BF4B-00C04F79EFBC}") = "RecipeSharingPlatform", "RecipeSharingPlatform\RecipeSharingPlatform.csproj", "{CF6B249F-0307-4F42-B7A7-62F4D99645BE}"
EndProject
Global
	GlobalSection(SolutionConfigurationPlatforms) = preSolution
		Debug|Any CPU = Debug|Any CPU
		Release|Any CPU = Release|Any CPU
	EndGlobalSection
	GlobalSection(ProjectConfigurationPlatforms) = postSolution
		{CF6B249F-0307-4F42-B7A7-62F4D99645BE}.Debug|Any CPU.ActiveCfg = Debug|Any CPU
		{CF6B249F-0307-4F42-B7A7-62F4D99645BE}.Debug|Any CPU.Build.0 = Debug|Any CPU
		{CF6B249F-0307-4F42-B7A7-62F4D99645BE}.Release|Any CPU.ActiveCfg = Release|Any CPU
		{CF6B249F-0307-4F42-B7A7-62F4D99645BE}.Release|Any CPU.Build.0 = Release|Any CPU
	EndGlobalSection
	GlobalSection(SolutionProperties) = preSolution
		HideSolutionNode = FALSE
	EndGlobalSection
	GlobalSection(ExtensibilityGlobals) = postSolution
		SolutionGuid = {FF59191A-D400-4C75-AA79-61DB2BEBE0C0}
	EndGlobalSection
EndGlobal
